
Microsoft Visual Studio Solution File, Format Version 12.00
# Visual Studio Version 16
VisualStudioVersion = 16.0.29009.5
MinimumVisualStudioVersion = 10.0.40219.1
Project("{9A19103F-16F7-4668-BE54-9A1E7A4F7556}") = "AiKismet.SearchableStream.REPL", "AiKismet.SearchableStream.REPL\AiKismet.SearchableStream.REPL.csproj", "{7321E572-F327-4644-AB53-EEA1C6C1BC7F}"
EndProject
Project("{9A19103F-16F7-4668-BE54-9A1E7A4F7556}") = "AiKismet.SearchableStream", "AiKismet.SearchableStream\AiKismet.SearchableStream.csproj", "{EADF29EB-9518-4ACD-B8BB-B485F19D3210}"
EndProject
Project("{9A19103F-16F7-4668-BE54-9A1E7A4F7556}") = "AiKismet.SearchableStream.UnitTests", "AiKismet.SearchableStream.UnitTests\AiKismet.SearchableStream.UnitTests.csproj", "{25B25183-8240-47B9-8EA6-C0A9C4E0B909}"
EndProject
Project("{2150E333-8FDC-42A3-9474-1A3956D46DE8}") = "info", "info", "{99C8066E-073E-43CC-B357-EEDAB78E0F55}"
	ProjectSection(SolutionItems) = preProject
		LICENSE = LICENSE
		README.md = README.md
	EndProjectSection
EndProject
Global
	GlobalSection(SolutionConfigurationPlatforms) = preSolution
		Debug|Any CPU = Debug|Any CPU
		Release|Any CPU = Release|Any CPU
	EndGlobalSection
	GlobalSection(ProjectConfigurationPlatforms) = postSolution
		{7321E572-F327-4644-AB53-EEA1C6C1BC7F}.Debug|Any CPU.ActiveCfg = Debug|Any CPU
		{7321E572-F327-4644-AB53-EEA1C6C1BC7F}.Debug|Any CPU.Build.0 = Debug|Any CPU
		{7321E572-F327-4644-AB53-EEA1C6C1BC7F}.Release|Any CPU.ActiveCfg = Release|Any CPU
		{7321E572-F327-4644-AB53-EEA1C6C1BC7F}.Release|Any CPU.Build.0 = Release|Any CPU
		{EADF29EB-9518-4ACD-B8BB-B485F19D3210}.Debug|Any CPU.ActiveCfg = Debug|Any CPU
		{EADF29EB-9518-4ACD-B8BB-B485F19D3210}.Debug|Any CPU.Build.0 = Debug|Any CPU
		{EADF29EB-9518-4ACD-B8BB-B485F19D3210}.Release|Any CPU.ActiveCfg = Release|Any CPU
		{EADF29EB-9518-4ACD-B8BB-B485F19D3210}.Release|Any CPU.Build.0 = Release|Any CPU
		{25B25183-8240-47B9-8EA6-C0A9C4E0B909}.Debug|Any CPU.ActiveCfg = Debug|Any CPU
		{25B25183-8240-47B9-8EA6-C0A9C4E0B909}.Debug|Any CPU.Build.0 = Debug|Any CPU
		{25B25183-8240-47B9-8EA6-C0A9C4E0B909}.Release|Any CPU.ActiveCfg = Release|Any CPU
		{25B25183-8240-47B9-8EA6-C0A9C4E0B909}.Release|Any CPU.Build.0 = Release|Any CPU
	EndGlobalSection
	GlobalSection(SolutionProperties) = preSolution
		HideSolutionNode = FALSE
	EndGlobalSection
	GlobalSection(ExtensibilityGlobals) = postSolution
		SolutionGuid = {581A8AB8-57BB-46AD-8934-43E8EBF2D3B3}
	EndGlobalSection
EndGlobal
